
Microsoft Visual Studio Solution File, Format Version 12.00
# Visual Studio 14
VisualStudioVersion = 14.0.25420.1
MinimumVisualStudioVersion = 10.0.40219.1
Project("{FAE04EC0-301F-11D3-BF4B-00C04F79EFBC}") = "GroceryWalletCalculator", "GroceryWalletCalculator\GroceryWalletCalculator\GroceryWalletCalculator.csproj", "{4E18A51F-E133-4CA4-A291-3AD69FBDF80D}"
EndProject
Project("{FAE04EC0-301F-11D3-BF4B-00C04F79EFBC}") = "GroceryWalletCalculator.Droid", "GroceryWalletCalculator\GroceryWalletCalculator.Droid\GroceryWalletCalculator.Droid.csproj", "{331EEDB3-7C0C-4FDC-9D79-F2476B62F3B3}"
EndProject
Project("{FAE04EC0-301F-11D3-BF4B-00C04F79EFBC}") = "GroceryWalletCalculator.iOS", "GroceryWalletCalculator\GroceryWalletCalculator.iOS\GroceryWalletCalculator.iOS.csproj", "{466D41EC-6FC7-4DF5-93C7-C3EF1FCEDA64}"
EndProject
Project("{FAE04EC0-301F-11D3-BF4B-00C04F79EFBC}") = "GroceryWalletCalculator.WinPhone", "GroceryWalletCalculator\GroceryWalletCalculator.WinPhone\GroceryWalletCalculator.WinPhone.csproj", "{C3A2C07C-E132-4569-BD46-20A2BD72380A}"
EndProject
Project("{FAE04EC0-301F-11D3-BF4B-00C04F79EFBC}") = "GroceryWalletCalculator.UWP", "GroceryWalletCalculator\GroceryWalletCalculator.UWP\GroceryWalletCalculator.UWP.csproj", "{4DA10C25-6F5E-4FE9-98A7-19391CB647C0}"
EndProject
Project("{FAE04EC0-301F-11D3-BF4B-00C04F79EFBC}") = "GroceryWalletCalculator.Windows", "GroceryWalletCalculator\GroceryWalletCalculator.Windows\GroceryWalletCalculator.Windows.csproj", "{3FC71585-22AB-4AA3-B045-D1C6D8541AA4}"
EndProject
Global
	GlobalSection(SolutionConfigurationPlatforms) = preSolution
		Ad-Hoc|Any CPU = Ad-Hoc|Any CPU
		Ad-Hoc|ARM = Ad-Hoc|ARM
		Ad-Hoc|iPhone = Ad-Hoc|iPhone
		Ad-Hoc|iPhoneSimulator = Ad-Hoc|iPhoneSimulator
		Ad-Hoc|x64 = Ad-Hoc|x64
		Ad-Hoc|x86 = Ad-Hoc|x86
		AppStore|Any CPU = AppStore|Any CPU
		AppStore|ARM = AppStore|ARM
		AppStore|iPhone = AppStore|iPhone
		AppStore|iPhoneSimulator = AppStore|iPhoneSimulator
		AppStore|x64 = AppStore|x64
		AppStore|x86 = AppStore|x86
		Debug|Any CPU = Debug|Any CPU
		Debug|ARM = Debug|ARM
		Debug|iPhone = Debug|iPhone
		Debug|iPhoneSimulator = Debug|iPhoneSimulator
		Debug|x64 = Debug|x64
		Debug|x86 = Debug|x86
		Release|Any CPU = Release|Any CPU
		Release|ARM = Release|ARM
		Release|iPhone = Release|iPhone
		Release|iPhoneSimulator = Release|iPhoneSimulator
		Release|x64 = Release|x64
		Release|x86 = Release|x86
	EndGlobalSection
	GlobalSection(ProjectConfigurationPlatforms) = postSolution
		{4E18A51F-E133-4CA4-A291-3AD69FBDF80D}.Ad-Hoc|Any CPU.ActiveCfg = Release|Any CPU
		{4E18A51F-E133-4CA4-A291-3AD69FBDF80D}.Ad-Hoc|Any CPU.Build.0 = Release|Any CPU
		{4E18A51F-E133-4CA4-A291-3AD69FBDF80D}.Ad-Hoc|ARM.ActiveCfg = Release|Any CPU
		{4E18A51F-E133-4CA4-A291-3AD69FBDF80D}.Ad-Hoc|ARM.Build.0 = Release|Any CPU
		{4E18A51F-E133-4CA4-A291-3AD69FBDF80D}.Ad-Hoc|iPhone.ActiveCfg = Release|Any CPU
		{4E18A51F-E133-4CA4-A291-3AD69FBDF80D}.Ad-Hoc|iPhone.Build.0 = Release|Any CPU
		{4E18A51F-E133-4CA4-A291-3AD69FBDF80D}.Ad-Hoc|iPhoneSimulator.ActiveCfg = Release|Any CPU
		{4E18A51F-E133-4CA4-A291-3AD69FBDF80D}.Ad-Hoc|iPhoneSimulator.Build.0 = Release|Any CPU
		{4E18A51F-E133-4CA4-A291-3AD69FBDF80D}.Ad-Hoc|x64.ActiveCfg = Release|Any CPU
		{4E18A51F-E133-4CA4-A291-3AD69FBDF80D}.Ad-Hoc|x64.Build.0 = Release|Any CPU
		{4E18A51F-E133-4CA4-A291-3AD69FBDF80D}.Ad-Hoc|x86.ActiveCfg = Release|Any CPU
		{4E18A51F-E133-4CA4-A291-3AD69FBDF80D}.Ad-Hoc|x86.Build.0 = Release|Any CPU
		{4E18A51F-E133-4CA4-A291-3AD69FBDF80D}.AppStore|Any CPU.ActiveCfg = Release|Any CPU
		{4E18A51F-E133-4CA4-A291-3AD69FBDF80D}.AppStore|Any CPU.Build.0 = Release|Any CPU
		{4E18A51F-E133-4CA4-A291-3AD69FBDF80D}.AppStore|ARM.ActiveCfg = Release|Any CPU
		{4E18A51F-E133-4CA4-A291-3AD69FBDF80D}.AppStore|ARM.Build.0 = Release|Any CPU
		{4E18A51F-E133-4CA4-A291-3AD69FBDF80D}.AppStore|iPhone.ActiveCfg = Release|Any CPU
		{4E18A51F-E133-4CA4-A291-3AD69FBDF80D}.AppStore|iPhone.Build.0 = Release|Any CPU
		{4E18A51F-E133-4CA4-A291-3AD69FBDF80D}.AppStore|iPhoneSimulator.ActiveCfg = Release|Any CPU
		{4E18A51F-E133-4CA4-A291-3AD69FBDF80D}.AppStore|iPhoneSimulator.Build.0 = Release|Any CPU
		{4E18A51F-E133-4CA4-A291-3AD69FBDF80D}.AppStore|x64.ActiveCfg = Release|Any CPU
		{4E18A51F-E133-4CA4-A291-3AD69FBDF80D}.AppStore|x64.Build.0 = Release|Any CPU
		{4E18A51F-E133-4CA4-A291-3AD69FBDF80D}.AppStore|x86.ActiveCfg = Release|Any CPU
		{4E18A51F-E133-4CA4-A291-3AD69FBDF80D}.AppStore|x86.Build.0 = Release|Any CPU
		{4E18A51F-E133-4CA4-A291-3AD69FBDF80D}.Debug|Any CPU.ActiveCfg = Debug|Any CPU
		{4E18A51F-E133-4CA4-A291-3AD69FBDF80D}.Debug|Any CPU.Build.0 = Debug|Any CPU
		{4E18A51F-E133-4CA4-A291-3AD69FBDF80D}.Debug|ARM.ActiveCfg = Debug|Any CPU
		{4E18A51F-E133-4CA4-A291-3AD69FBDF80D}.Debug|ARM.Build.0 = Debug|Any CPU
		{4E18A51F-E133-4CA4-A291-3AD69FBDF80D}.Debug|iPhone.ActiveCfg = Debug|Any CPU
		{4E18A51F-E133-4CA4-A291-3AD69FBDF80D}.Debug|iPhone.Build.0 = Debug|Any CPU
		{4E18A51F-E133-4CA4-A291-3AD69FBDF80D}.Debug|iPhoneSimulator.ActiveCfg = Debug|Any CPU
		{4E18A51F-E133-4CA4-A291-3AD69FBDF80D}.Debug|iPhoneSimulator.Build.0 = Debug|Any CPU
		{4E18A51F-E133-4CA4-A291-3AD69FBDF80D}.Debug|x64.ActiveCfg = Debug|Any CPU
		{4E18A51F-E133-4CA4-A291-3AD69FBDF80D}.Debug|x64.Build.0 = Debug|Any CPU
		{4E18A51F-E133-4CA4-A291-3AD69FBDF80D}.Debug|x86.ActiveCfg = Debug|Any CPU
		{4E18A51F-E133-4CA4-A291-3AD69FBDF80D}.Debug|x86.Build.0 = Debug|Any CPU
		{4E18A51F-E133-4CA4-A291-3AD69FBDF80D}.Release|Any CPU.ActiveCfg = Release|Any CPU
		{4E18A51F-E133-4CA4-A291-3AD69FBDF80D}.Release|Any CPU.Build.0 = Release|Any CPU
		{4E18A51F-E133-4CA4-A291-3AD69FBDF80D}.Release|ARM.ActiveCfg = Release|Any CPU
		{4E18A51F-E133-4CA4-A291-3AD69FBDF80D}.Release|ARM.Build.0 = Release|Any CPU
		{4E18A51F-E133-4CA4-A291-3AD69FBDF80D}.Release|iPhone.ActiveCfg = Release|Any CPU
		{4E18A51F-E133-4CA4-A291-3AD69FBDF80D}.Release|iPhone.Build.0 = Release|Any CPU
		{4E18A51F-E133-4CA4-A291-3AD69FBDF80D}.Release|iPhoneSimulator.ActiveCfg = Release|Any CPU
		{4E18A51F-E133-4CA4-A291-3AD69FBDF80D}.Release|iPhoneSimulator.Build.0 = Release|Any CPU
		{4E18A51F-E133-4CA4-A291-3AD69FBDF80D}.Release|x64.ActiveCfg = Release|Any CPU
		{4E18A51F-E133-4CA4-A291-3AD69FBDF80D}.Release|x64.Build.0 = Release|Any CPU
		{4E18A51F-E133-4CA4-A291-3AD69FBDF80D}.Release|x86.ActiveCfg = Release|Any CPU
		{4E18A51F-E133-4CA4-A291-3AD69FBDF80D}.Release|x86.Build.0 = Release|Any CPU
		{331EEDB3-7C0C-4FDC-9D79-F2476B62F3B3}.Ad-Hoc|Any CPU.ActiveCfg = Release|Any CPU
		{331EEDB3-7C0C-4FDC-9D79-F2476B62F3B3}.Ad-Hoc|Any CPU.Build.0 = Release|Any CPU
		{331EEDB3-7C0C-4FDC-9D79-F2476B62F3B3}.Ad-Hoc|Any CPU.Deploy.0 = Release|Any CPU
		{331EEDB3-7C0C-4FDC-9D79-F2476B62F3B3}.Ad-Hoc|ARM.ActiveCfg = Release|Any CPU
		{331EEDB3-7C0C-4FDC-9D79-F2476B62F3B3}.Ad-Hoc|ARM.Build.0 = Release|Any CPU
		{331EEDB3-7C0C-4FDC-9D79-F2476B62F3B3}.Ad-Hoc|ARM.Deploy.0 = Release|Any CPU
		{331EEDB3-7C0C-4FDC-9D79-F2476B62F3B3}.Ad-Hoc|iPhone.ActiveCfg = Release|Any CPU
		{331EEDB3-7C0C-4FDC-9D79-F2476B62F3B3}.Ad-Hoc|iPhone.Build.0 = Release|Any CPU
		{331EEDB3-7C0C-4FDC-9D79-F2476B62F3B3}.Ad-Hoc|iPhone.Deploy.0 = Release|Any CPU
		{331EEDB3-7C0C-4FDC-9D79-F2476B62F3B3}.Ad-Hoc|iPhoneSimulator.ActiveCfg = Release|Any CPU
		{331EEDB3-7C0C-4FDC-9D79-F2476B62F3B3}.Ad-Hoc|iPhoneSimulator.Build.0 = Release|Any CPU
		{331EEDB3-7C0C-4FDC-9D79-F2476B62F3B3}.Ad-Hoc|iPhoneSimulator.Deploy.0 = Release|Any CPU
		{331EEDB3-7C0C-4FDC-9D79-F2476B62F3B3}.Ad-Hoc|x64.ActiveCfg = Release|Any CPU
		{331EEDB3-7C0C-4FDC-9D79-F2476B62F3B3}.Ad-Hoc|x64.Build.0 = Release|Any CPU
		{331EEDB3-7C0C-4FDC-9D79-F2476B62F3B3}.Ad-Hoc|x64.Deploy.0 = Release|Any CPU
		{331EEDB3-7C0C-4FDC-9D79-F2476B62F3B3}.Ad-Hoc|x86.ActiveCfg = Release|Any CPU
		{331EEDB3-7C0C-4FDC-9D79-F2476B62F3B3}.Ad-Hoc|x86.Build.0 = Release|Any CPU
		{331EEDB3-7C0C-4FDC-9D79-F2476B62F3B3}.Ad-Hoc|x86.Deploy.0 = Release|Any CPU
		{331EEDB3-7C0C-4FDC-9D79-F2476B62F3B3}.AppStore|Any CPU.ActiveCfg = Release|Any CPU
		{331EEDB3-7C0C-4FDC-9D79-F2476B62F3B3}.AppStore|Any CPU.Build.0 = Release|Any CPU
		{331EEDB3-7C0C-4FDC-9D79-F2476B62F3B3}.AppStore|Any CPU.Deploy.0 = Release|Any CPU
		{331EEDB3-7C0C-4FDC-9D79-F2476B62F3B3}.AppStore|ARM.ActiveCfg = Release|Any CPU
		{331EEDB3-7C0C-4FDC-9D79-F2476B62F3B3}.AppStore|ARM.Build.0 = Release|Any CPU
		{331EEDB3-7C0C-4FDC-9D79-F2476B62F3B3}.AppStore|ARM.Deploy.0 = Release|Any CPU
		{331EEDB3-7C0C-4FDC-9D79-F2476B62F3B3}.AppStore|iPhone.ActiveCfg = Release|Any CPU
		{331EEDB3-7C0C-4FDC-9D79-F2476B62F3B3}.AppStore|iPhone.Build.0 = Release|Any CPU
		{331EEDB3-7C0C-4FDC-9D79-F2476B62F3B3}.AppStore|iPhone.Deploy.0 = Release|Any CPU
		{331EEDB3-7C0C-4FDC-9D79-F2476B62F3B3}.AppStore|iPhoneSimulator.ActiveCfg = Release|Any CPU
		{331EEDB3-7C0C-4FDC-9D79-F2476B62F3B3}.AppStore|iPhoneSimulator.Build.0 = Release|Any CPU
		{331EEDB3-7C0C-4FDC-9D79-F2476B62F3B3}.AppStore|iPhoneSimulator.Deploy.0 = Release|Any CPU
		{331EEDB3-7C0C-4FDC-9D79-F2476B62F3B3}.AppStore|x64.ActiveCfg = Release|Any CPU
		{331EEDB3-7C0C-4FDC-9D79-F2476B62F3B3}.AppStore|x64.Build.0 = Release|Any CPU
		{331EEDB3-7C0C-4FDC-9D79-F2476B62F3B3}.AppStore|x64.Deploy.0 = Release|Any CPU
		{331EEDB3-7C0C-4FDC-9D79-F2476B62F3B3}.AppStore|x86.ActiveCfg = Release|Any CPU
		{331EEDB3-7C0C-4FDC-9D79-F2476B62F3B3}.AppStore|x86.Build.0 = Release|Any CPU
		{331EEDB3-7C0C-4FDC-9D79-F2476B62F3B3}.AppStore|x86.Deploy.0 = Release|Any CPU
		{331EEDB3-7C0C-4FDC-9D79-F2476B62F3B3}.Debug|Any CPU.ActiveCfg = Debug|Any CPU
		{331EEDB3-7C0C-4FDC-9D79-F2476B62F3B3}.Debug|Any CPU.Build.0 = Debug|Any CPU
		{331EEDB3-7C0C-4FDC-9D79-F2476B62F3B3}.Debug|Any CPU.Deploy.0 = Debug|Any CPU
		{331EEDB3-7C0C-4FDC-9D79-F2476B62F3B3}.Debug|ARM.ActiveCfg = Debug|Any CPU
		{331EEDB3-7C0C-4FDC-9D79-F2476B62F3B3}.Debug|ARM.Build.0 = Debug|Any CPU
		{331EEDB3-7C0C-4FDC-9D79-F2476B62F3B3}.Debug|ARM.Deploy.0 = Debug|Any CPU
		{331EEDB3-7C0C-4FDC-9D79-F2476B62F3B3}.Debug|iPhone.ActiveCfg = Debug|Any CPU
		{331EEDB3-7C0C-4FDC-9D79-F2476B62F3B3}.Debug|iPhone.Build.0 = Debug|Any CPU
		{331EEDB3-7C0C-4FDC-9D79-F2476B62F3B3}.Debug|iPhone.Deploy.0 = Debug|Any CPU
		{331EEDB3-7C0C-4FDC-9D79-F2476B62F3B3}.Debug|iPhoneSimulator.ActiveCfg = Debug|Any CPU
		{331EEDB3-7C0C-4FDC-9D79-F2476B62F3B3}.Debug|iPhoneSimulator.Build.0 = Debug|Any CPU
		{331EEDB3-7C0C-4FDC-9D79-F2476B62F3B3}.Debug|iPhoneSimulator.Deploy.0 = Debug|Any CPU
		{331EEDB3-7C0C-4FDC-9D79-F2476B62F3B3}.Debug|x64.ActiveCfg = Debug|Any CPU
		{331EEDB3-7C0C-4FDC-9D79-F2476B62F3B3}.Debug|x64.Build.0 = Debug|Any CPU
		{331EEDB3-7C0C-4FDC-9D79-F2476B62F3B3}.Debug|x64.Deploy.0 = Debug|Any CPU
		{331EEDB3-7C0C-4FDC-9D79-F2476B62F3B3}.Debug|x86.ActiveCfg = Debug|Any CPU
		{331EEDB3-7C0C-4FDC-9D79-F2476B62F3B3}.Debug|x86.Build.0 = Debug|Any CPU
		{331EEDB3-7C0C-4FDC-9D79-F2476B62F3B3}.Debug|x86.Deploy.0 = Debug|Any CPU
		{331EEDB3-7C0C-4FDC-9D79-F2476B62F3B3}.Release|Any CPU.ActiveCfg = Release|Any CPU
		{331EEDB3-7C0C-4FDC-9D79-F2476B62F3B3}.Release|Any CPU.Build.0 = Release|Any CPU
		{331EEDB3-7C0C-4FDC-9D79-F2476B62F3B3}.Release|Any CPU.Deploy.0 = Release|Any CPU
		{331EEDB3-7C0C-4FDC-9D79-F2476B62F3B3}.Release|ARM.ActiveCfg = Release|Any CPU
		{331EEDB3-7C0C-4FDC-9D79-F2476B62F3B3}.Release|ARM.Build.0 = Release|Any CPU
		{331EEDB3-7C0C-4FDC-9D79-F2476B62F3B3}.Release|ARM.Deploy.0 = Release|Any CPU
		{331EEDB3-7C0C-4FDC-9D79-F2476B62F3B3}.Release|iPhone.ActiveCfg = Release|Any CPU
		{331EEDB3-7C0C-4FDC-9D79-F2476B62F3B3}.Release|iPhone.Build.0 = Release|Any CPU
		{331EEDB3-7C0C-4FDC-9D79-F2476B62F3B3}.Release|iPhone.Deploy.0 = Release|Any CPU
		{331EEDB3-7C0C-4FDC-9D79-F2476B62F3B3}.Release|iPhoneSimulator.ActiveCfg = Release|Any CPU
		{331EEDB3-7C0C-4FDC-9D79-F2476B62F3B3}.Release|iPhoneSimulator.Build.0 = Release|Any CPU
		{331EEDB3-7C0C-4FDC-9D79-F2476B62F3B3}.Release|iPhoneSimulator.Deploy.0 = Release|Any CPU
		{331EEDB3-7C0C-4FDC-9D79-F2476B62F3B3}.Release|x64.ActiveCfg = Release|Any CPU
		{331EEDB3-7C0C-4FDC-9D79-F2476B62F3B3}.Release|x64.Build.0 = Release|Any CPU
		{331EEDB3-7C0C-4FDC-9D79-F2476B62F3B3}.Release|x64.Deploy.0 = Release|Any CPU
		{331EEDB3-7C0C-4FDC-9D79-F2476B62F3B3}.Release|x86.ActiveCfg = Release|Any CPU
		{331EEDB3-7C0C-4FDC-9D79-F2476B62F3B3}.Release|x86.Build.0 = Release|Any CPU
		{331EEDB3-7C0C-4FDC-9D79-F2476B62F3B3}.Release|x86.Deploy.0 = Release|Any CPU
		{466D41EC-6FC7-4DF5-93C7-C3EF1FCEDA64}.Ad-Hoc|Any CPU.ActiveCfg = Ad-Hoc|iPhone
		{466D41EC-6FC7-4DF5-93C7-C3EF1FCEDA64}.Ad-Hoc|ARM.ActiveCfg = Ad-Hoc|iPhone
		{466D41EC-6FC7-4DF5-93C7-C3EF1FCEDA64}.Ad-Hoc|iPhone.ActiveCfg = Ad-Hoc|iPhone
		{466D41EC-6FC7-4DF5-93C7-C3EF1FCEDA64}.Ad-Hoc|iPhone.Build.0 = Ad-Hoc|iPhone
		{466D41EC-6FC7-4DF5-93C7-C3EF1FCEDA64}.Ad-Hoc|iPhoneSimulator.ActiveCfg = Ad-Hoc|iPhoneSimulator
		{466D41EC-6FC7-4DF5-93C7-C3EF1FCEDA64}.Ad-Hoc|iPhoneSimulator.Build.0 = Ad-Hoc|iPhoneSimulator
		{466D41EC-6FC7-4DF5-93C7-C3EF1FCEDA64}.Ad-Hoc|x64.ActiveCfg = Ad-Hoc|iPhone
		{466D41EC-6FC7-4DF5-93C7-C3EF1FCEDA64}.Ad-Hoc|x86.ActiveCfg = Ad-Hoc|iPhone
		{466D41EC-6FC7-4DF5-93C7-C3EF1FCEDA64}.AppStore|Any CPU.ActiveCfg = AppStore|iPhone
		{466D41EC-6FC7-4DF5-93C7-C3EF1FCEDA64}.AppStore|ARM.ActiveCfg = AppStore|iPhone
		{466D41EC-6FC7-4DF5-93C7-C3EF1FCEDA64}.AppStore|iPhone.ActiveCfg = AppStore|iPhone
		{466D41EC-6FC7-4DF5-93C7-C3EF1FCEDA64}.AppStore|iPhone.Build.0 = AppStore|iPhone
		{466D41EC-6FC7-4DF5-93C7-C3EF1FCEDA64}.AppStore|iPhoneSimulator.ActiveCfg = AppStore|iPhoneSimulator
		{466D41EC-6FC7-4DF5-93C7-C3EF1FCEDA64}.AppStore|iPhoneSimulator.Build.0 = AppStore|iPhoneSimulator
		{466D41EC-6FC7-4DF5-93C7-C3EF1FCEDA64}.AppStore|x64.ActiveCfg = AppStore|iPhone
		{466D41EC-6FC7-4DF5-93C7-C3EF1FCEDA64}.AppStore|x86.ActiveCfg = AppStore|iPhone
		{466D41EC-6FC7-4DF5-93C7-C3EF1FCEDA64}.Debug|Any CPU.ActiveCfg = Debug|iPhone
		{466D41EC-6FC7-4DF5-93C7-C3EF1FCEDA64}.Debug|ARM.ActiveCfg = Debug|iPhone
		{466D41EC-6FC7-4DF5-93C7-C3EF1FCEDA64}.Debug|iPhone.ActiveCfg = Debug|iPhone
		{466D41EC-6FC7-4DF5-93C7-C3EF1FCEDA64}.Debug|iPhone.Build.0 = Debug|iPhone
		{466D41EC-6FC7-4DF5-93C7-C3EF1FCEDA64}.Debug|iPhoneSimulator.ActiveCfg = Debug|iPhoneSimulator
		{466D41EC-6FC7-4DF5-93C7-C3EF1FCEDA64}.Debug|iPhoneSimulator.Build.0 = Debug|iPhoneSimulator
		{466D41EC-6FC7-4DF5-93C7-C3EF1FCEDA64}.Debug|x64.ActiveCfg = Debug|iPhone
		{466D41EC-6FC7-4DF5-93C7-C3EF1FCEDA64}.Debug|x86.ActiveCfg = Debug|iPhone
		{466D41EC-6FC7-4DF5-93C7-C3EF1FCEDA64}.Release|Any CPU.ActiveCfg = Release|iPhone
		{466D41EC-6FC7-4DF5-93C7-C3EF1FCEDA64}.Release|ARM.ActiveCfg = Release|iPhone
		{466D41EC-6FC7-4DF5-93C7-C3EF1FCEDA64}.Release|iPhone.ActiveCfg = Release|iPhone
		{466D41EC-6FC7-4DF5-93C7-C3EF1FCEDA64}.Release|iPhone.Build.0 = Release|iPhone
		{466D41EC-6FC7-4DF5-93C7-C3EF1FCEDA64}.Release|iPhoneSimulator.ActiveCfg = Release|iPhoneSimulator
		{466D41EC-6FC7-4DF5-93C7-C3EF1FCEDA64}.Release|iPhoneSimulator.Build.0 = Release|iPhoneSimulator
		{466D41EC-6FC7-4DF5-93C7-C3EF1FCEDA64}.Release|x64.ActiveCfg = Release|iPhone
		{466D41EC-6FC7-4DF5-93C7-C3EF1FCEDA64}.Release|x86.ActiveCfg = Release|iPhone
		{C3A2C07C-E132-4569-BD46-20A2BD72380A}.Ad-Hoc|Any CPU.ActiveCfg = Release|Any CPU
		{C3A2C07C-E132-4569-BD46-20A2BD72380A}.Ad-Hoc|Any CPU.Build.0 = Release|Any CPU
		{C3A2C07C-E132-4569-BD46-20A2BD72380A}.Ad-Hoc|Any CPU.Deploy.0 = Release|Any CPU
		{C3A2C07C-E132-4569-BD46-20A2BD72380A}.Ad-Hoc|ARM.ActiveCfg = Release|ARM
		{C3A2C07C-E132-4569-BD46-20A2BD72380A}.Ad-Hoc|ARM.Build.0 = Release|ARM
		{C3A2C07C-E132-4569-BD46-20A2BD72380A}.Ad-Hoc|ARM.Deploy.0 = Release|ARM
		{C3A2C07C-E132-4569-BD46-20A2BD72380A}.Ad-Hoc|iPhone.ActiveCfg = Release|Any CPU
		{C3A2C07C-E132-4569-BD46-20A2BD72380A}.Ad-Hoc|iPhone.Build.0 = Release|Any CPU
		{C3A2C07C-E132-4569-BD46-20A2BD72380A}.Ad-Hoc|iPhone.Deploy.0 = Release|Any CPU
		{C3A2C07C-E132-4569-BD46-20A2BD72380A}.Ad-Hoc|iPhoneSimulator.ActiveCfg = Release|Any CPU
		{C3A2C07C-E132-4569-BD46-20A2BD72380A}.Ad-Hoc|iPhoneSimulator.Build.0 = Release|Any CPU
		{C3A2C07C-E132-4569-BD46-20A2BD72380A}.Ad-Hoc|iPhoneSimulator.Deploy.0 = Release|Any CPU
		{C3A2C07C-E132-4569-BD46-20A2BD72380A}.Ad-Hoc|x64.ActiveCfg = Release|Any CPU
		{C3A2C07C-E132-4569-BD46-20A2BD72380A}.Ad-Hoc|x64.Build.0 = Release|Any CPU
		{C3A2C07C-E132-4569-BD46-20A2BD72380A}.Ad-Hoc|x64.Deploy.0 = Release|Any CPU
		{C3A2C07C-E132-4569-BD46-20A2BD72380A}.Ad-Hoc|x86.ActiveCfg = Release|x86
		{C3A2C07C-E132-4569-BD46-20A2BD72380A}.Ad-Hoc|x86.Build.0 = Release|x86
		{C3A2C07C-E132-4569-BD46-20A2BD72380A}.Ad-Hoc|x86.Deploy.0 = Release|x86
		{C3A2C07C-E132-4569-BD46-20A2BD72380A}.AppStore|Any CPU.ActiveCfg = Release|Any CPU
		{C3A2C07C-E132-4569-BD46-20A2BD72380A}.AppStore|Any CPU.Build.0 = Release|Any CPU
		{C3A2C07C-E132-4569-BD46-20A2BD72380A}.AppStore|Any CPU.Deploy.0 = Release|Any CPU
		{C3A2C07C-E132-4569-BD46-20A2BD72380A}.AppStore|ARM.ActiveCfg = Release|ARM
		{C3A2C07C-E132-4569-BD46-20A2BD72380A}.AppStore|ARM.Build.0 = Release|ARM
		{C3A2C07C-E132-4569-BD46-20A2BD72380A}.AppStore|ARM.Deploy.0 = Release|ARM
		{C3A2C07C-E132-4569-BD46-20A2BD72380A}.AppStore|iPhone.ActiveCfg = Release|Any CPU
		{C3A2C07C-E132-4569-BD46-20A2BD72380A}.AppStore|iPhone.Build.0 = Release|Any CPU
		{C3A2C07C-E132-4569-BD46-20A2BD72380A}.AppStore|iPhone.Deploy.0 = Release|Any CPU
		{C3A2C07C-E132-4569-BD46-20A2BD72380A}.AppStore|iPhoneSimulator.ActiveCfg = Release|Any CPU
		{C3A2C07C-E132-4569-BD46-20A2BD72380A}.AppStore|iPhoneSimulator.Build.0 = Release|Any CPU
		{C3A2C07C-E132-4569-BD46-20A2BD72380A}.AppStore|iPhoneSimulator.Deploy.0 = Release|Any CPU
		{C3A2C07C-E132-4569-BD46-20A2BD72380A}.AppStore|x64.ActiveCfg = Release|Any CPU
		{C3A2C07C-E132-4569-BD46-20A2BD72380A}.AppStore|x64.Build.0 = Release|Any CPU
		{C3A2C07C-E132-4569-BD46-20A2BD72380A}.AppStore|x64.Deploy.0 = Release|Any CPU
		{C3A2C07C-E132-4569-BD46-20A2BD72380A}.AppStore|x86.ActiveCfg = Release|x86
		{C3A2C07C-E132-4569-BD46-20A2BD72380A}.AppStore|x86.Build.0 = Release|x86
		{C3A2C07C-E132-4569-BD46-20A2BD72380A}.AppStore|x86.Deploy.0 = Release|x86
		{C3A2C07C-E132-4569-BD46-20A2BD72380A}.Debug|Any CPU.ActiveCfg = Debug|Any CPU
		{C3A2C07C-E132-4569-BD46-20A2BD72380A}.Debug|Any CPU.Build.0 = Debug|Any CPU
		{C3A2C07C-E132-4569-BD46-20A2BD72380A}.Debug|Any CPU.Deploy.0 = Debug|Any CPU
		{C3A2C07C-E132-4569-BD46-20A2BD72380A}.Debug|ARM.ActiveCfg = Debug|ARM
		{C3A2C07C-E132-4569-BD46-20A2BD72380A}.Debug|ARM.Build.0 = Debug|ARM
		{C3A2C07C-E132-4569-BD46-20A2BD72380A}.Debug|ARM.Deploy.0 = Debug|ARM
		{C3A2C07C-E132-4569-BD46-20A2BD72380A}.Debug|iPhone.ActiveCfg = Debug|Any CPU
		{C3A2C07C-E132-4569-BD46-20A2BD72380A}.Debug|iPhone.Build.0 = Debug|Any CPU
		{C3A2C07C-E132-4569-BD46-20A2BD72380A}.Debug|iPhone.Deploy.0 = Debug|Any CPU
		{C3A2C07C-E132-4569-BD46-20A2BD72380A}.Debug|iPhoneSimulator.ActiveCfg = Debug|Any CPU
		{C3A2C07C-E132-4569-BD46-20A2BD72380A}.Debug|iPhoneSimulator.Build.0 = Debug|Any CPU
		{C3A2C07C-E132-4569-BD46-20A2BD72380A}.Debug|iPhoneSimulator.Deploy.0 = Debug|Any CPU
		{C3A2C07C-E132-4569-BD46-20A2BD72380A}.Debug|x64.ActiveCfg = Debug|Any CPU
		{C3A2C07C-E132-4569-BD46-20A2BD72380A}.Debug|x64.Build.0 = Debug|Any CPU
		{C3A2C07C-E132-4569-BD46-20A2BD72380A}.Debug|x64.Deploy.0 = Debug|Any CPU
		{C3A2C07C-E132-4569-BD46-20A2BD72380A}.Debug|x86.ActiveCfg = Debug|x86
		{C3A2C07C-E132-4569-BD46-20A2BD72380A}.Debug|x86.Build.0 = Debug|x86
		{C3A2C07C-E132-4569-BD46-20A2BD72380A}.Debug|x86.Deploy.0 = Debug|x86
		{C3A2C07C-E132-4569-BD46-20A2BD72380A}.Release|Any CPU.ActiveCfg = Release|Any CPU
		{C3A2C07C-E132-4569-BD46-20A2BD72380A}.Release|Any CPU.Build.0 = Release|Any CPU
		{C3A2C07C-E132-4569-BD46-20A2BD72380A}.Release|Any CPU.Deploy.0 = Release|Any CPU
		{C3A2C07C-E132-4569-BD46-20A2BD72380A}.Release|ARM.ActiveCfg = Release|ARM
		{C3A2C07C-E132-4569-BD46-20A2BD72380A}.Release|ARM.Build.0 = Release|ARM
		{C3A2C07C-E132-4569-BD46-20A2BD72380A}.Release|ARM.Deploy.0 = Release|ARM
		{C3A2C07C-E132-4569-BD46-20A2BD72380A}.Release|iPhone.ActiveCfg = Release|Any CPU
		{C3A2C07C-E132-4569-BD46-20A2BD72380A}.Release|iPhone.Build.0 = Release|Any CPU
		{C3A2C07C-E132-4569-BD46-20A2BD72380A}.Release|iPhone.Deploy.0 = Release|Any CPU
		{C3A2C07C-E132-4569-BD46-20A2BD72380A}.Release|iPhoneSimulator.ActiveCfg = Release|Any CPU
		{C3A2C07C-E132-4569-BD46-20A2BD72380A}.Release|iPhoneSimulator.Build.0 = Release|Any CPU
		{C3A2C07C-E132-4569-BD46-20A2BD72380A}.Release|iPhoneSimulator.Deploy.0 = Release|Any CPU
		{C3A2C07C-E132-4569-BD46-20A2BD72380A}.Release|x64.ActiveCfg = Release|Any CPU
		{C3A2C07C-E132-4569-BD46-20A2BD72380A}.Release|x64.Build.0 = Release|Any CPU
		{C3A2C07C-E132-4569-BD46-20A2BD72380A}.Release|x64.Deploy.0 = Release|Any CPU
		{C3A2C07C-E132-4569-BD46-20A2BD72380A}.Release|x86.ActiveCfg = Release|x86
		{C3A2C07C-E132-4569-BD46-20A2BD72380A}.Release|x86.Build.0 = Release|x86
		{C3A2C07C-E132-4569-BD46-20A2BD72380A}.Release|x86.Deploy.0 = Release|x86
		{4DA10C25-6F5E-4FE9-98A7-19391CB647C0}.Ad-Hoc|Any CPU.ActiveCfg = Release|x86
		{4DA10C25-6F5E-4FE9-98A7-19391CB647C0}.Ad-Hoc|Any CPU.Build.0 = Release|x86
		{4DA10C25-6F5E-4FE9-98A7-19391CB647C0}.Ad-Hoc|Any CPU.Deploy.0 = Release|x86
		{4DA10C25-6F5E-4FE9-98A7-19391CB647C0}.Ad-Hoc|ARM.ActiveCfg = Release|ARM
		{4DA10C25-6F5E-4FE9-98A7-19391CB647C0}.Ad-Hoc|ARM.Build.0 = Release|ARM
		{4DA10C25-6F5E-4FE9-98A7-19391CB647C0}.Ad-Hoc|ARM.Deploy.0 = Release|ARM
		{4DA10C25-6F5E-4FE9-98A7-19391CB647C0}.Ad-Hoc|iPhone.ActiveCfg = Release|x86
		{4DA10C25-6F5E-4FE9-98A7-19391CB647C0}.Ad-Hoc|iPhone.Build.0 = Release|x86
		{4DA10C25-6F5E-4FE9-98A7-19391CB647C0}.Ad-Hoc|iPhone.Deploy.0 = Release|x86
		{4DA10C25-6F5E-4FE9-98A7-19391CB647C0}.Ad-Hoc|iPhoneSimulator.ActiveCfg = Release|x86
		{4DA10C25-6F5E-4FE9-98A7-19391CB647C0}.Ad-Hoc|iPhoneSimulator.Build.0 = Release|x86
		{4DA10C25-6F5E-4FE9-98A7-19391CB647C0}.Ad-Hoc|iPhoneSimulator.Deploy.0 = Release|x86
		{4DA10C25-6F5E-4FE9-98A7-19391CB647C0}.Ad-Hoc|x64.ActiveCfg = Release|x64
		{4DA10C25-6F5E-4FE9-98A7-19391CB647C0}.Ad-Hoc|x64.Build.0 = Release|x64
		{4DA10C25-6F5E-4FE9-98A7-19391CB647C0}.Ad-Hoc|x64.Deploy.0 = Release|x64
		{4DA10C25-6F5E-4FE9-98A7-19391CB647C0}.Ad-Hoc|x86.ActiveCfg = Release|x86
		{4DA10C25-6F5E-4FE9-98A7-19391CB647C0}.Ad-Hoc|x86.Build.0 = Release|x86
		{4DA10C25-6F5E-4FE9-98A7-19391CB647C0}.Ad-Hoc|x86.Deploy.0 = Release|x86
		{4DA10C25-6F5E-4FE9-98A7-19391CB647C0}.AppStore|Any CPU.ActiveCfg = Release|x86
		{4DA10C25-6F5E-4FE9-98A7-19391CB647C0}.AppStore|Any CPU.Build.0 = Release|x86
		{4DA10C25-6F5E-4FE9-98A7-19391CB647C0}.AppStore|Any CPU.Deploy.0 = Release|x86
		{4DA10C25-6F5E-4FE9-98A7-19391CB647C0}.AppStore|ARM.ActiveCfg = Release|ARM
		{4DA10C25-6F5E-4FE9-98A7-19391CB647C0}.AppStore|ARM.Build.0 = Release|ARM
		{4DA10C25-6F5E-4FE9-98A7-19391CB647C0}.AppStore|ARM.Deploy.0 = Release|ARM
		{4DA10C25-6F5E-4FE9-98A7-19391CB647C0}.AppStore|iPhone.ActiveCfg = Release|x86
		{4DA10C25-6F5E-4FE9-98A7-19391CB647C0}.AppStore|iPhone.Build.0 = Release|x86
		{4DA10C25-6F5E-4FE9-98A7-19391CB647C0}.AppStore|iPhone.Deploy.0 = Release|x86
		{4DA10C25-6F5E-4FE9-98A7-19391CB647C0}.AppStore|iPhoneSimulator.ActiveCfg = Release|x86
		{4DA10C25-6F5E-4FE9-98A7-19391CB647C0}.AppStore|iPhoneSimulator.Build.0 = Release|x86
		{4DA10C25-6F5E-4FE9-98A7-19391CB647C0}.AppStore|iPhoneSimulator.Deploy.0 = Release|x86
		{4DA10C25-6F5E-4FE9-98A7-19391CB647C0}.AppStore|x64.ActiveCfg = Release|x64
		{4DA10C25-6F5E-4FE9-98A7-19391CB647C0}.AppStore|x64.Build.0 = Release|x64
		{4DA10C25-6F5E-4FE9-98A7-19391CB647C0}.AppStore|x64.Deploy.0 = Release|x64
		{4DA10C25-6F5E-4FE9-98A7-19391CB647C0}.AppStore|x86.ActiveCfg = Release|x86
		{4DA10C25-6F5E-4FE9-98A7-19391CB647C0}.AppStore|x86.Build.0 = Release|x86
		{4DA10C25-6F5E-4FE9-98A7-19391CB647C0}.AppStore|x86.Deploy.0 = Release|x86
		{4DA10C25-6F5E-4FE9-98A7-19391CB647C0}.Debug|Any CPU.ActiveCfg = Debug|x86
		{4DA10C25-6F5E-4FE9-98A7-19391CB647C0}.Debug|ARM.ActiveCfg = Debug|ARM
		{4DA10C25-6F5E-4FE9-98A7-19391CB647C0}.Debug|ARM.Build.0 = Debug|ARM
		{4DA10C25-6F5E-4FE9-98A7-19391CB647C0}.Debug|ARM.Deploy.0 = Debug|ARM
		{4DA10C25-6F5E-4FE9-98A7-19391CB647C0}.Debug|iPhone.ActiveCfg = Debug|x86
		{4DA10C25-6F5E-4FE9-98A7-19391CB647C0}.Debug|iPhoneSimulator.ActiveCfg = Debug|x86
		{4DA10C25-6F5E-4FE9-98A7-19391CB647C0}.Debug|x64.ActiveCfg = Debug|x64
		{4DA10C25-6F5E-4FE9-98A7-19391CB647C0}.Debug|x64.Build.0 = Debug|x64
		{4DA10C25-6F5E-4FE9-98A7-19391CB647C0}.Debug|x64.Deploy.0 = Debug|x64
		{4DA10C25-6F5E-4FE9-98A7-19391CB647C0}.Debug|x86.ActiveCfg = Debug|x86
		{4DA10C25-6F5E-4FE9-98A7-19391CB647C0}.Debug|x86.Build.0 = Debug|x86
		{4DA10C25-6F5E-4FE9-98A7-19391CB647C0}.Debug|x86.Deploy.0 = Debug|x86
		{4DA10C25-6F5E-4FE9-98A7-19391CB647C0}.Release|Any CPU.ActiveCfg = Release|x86
		{4DA10C25-6F5E-4FE9-98A7-19391CB647C0}.Release|ARM.ActiveCfg = Release|ARM
		{4DA10C25-6F5E-4FE9-98A7-19391CB647C0}.Release|ARM.Build.0 = Release|ARM
		{4DA10C25-6F5E-4FE9-98A7-19391CB647C0}.Release|ARM.Deploy.0 = Release|ARM
		{4DA10C25-6F5E-4FE9-98A7-19391CB647C0}.Release|iPhone.ActiveCfg = Release|x86
		{4DA10C25-6F5E-4FE9-98A7-19391CB647C0}.Release|iPhoneSimulator.ActiveCfg = Release|x86
		{4DA10C25-6F5E-4FE9-98A7-19391CB647C0}.Release|x64.ActiveCfg = Release|x64
		{4DA10C25-6F5E-4FE9-98A7-19391CB647C0}.Release|x64.Build.0 = Release|x64
		{4DA10C25-6F5E-4FE9-98A7-19391CB647C0}.Release|x64.Deploy.0 = Release|x64
		{4DA10C25-6F5E-4FE9-98A7-19391CB647C0}.Release|x86.ActiveCfg = Release|x86
		{4DA10C25-6F5E-4FE9-98A7-19391CB647C0}.Release|x86.Build.0 = Release|x86
		{4DA10C25-6F5E-4FE9-98A7-19391CB647C0}.Release|x86.Deploy.0 = Release|x86
		{3FC71585-22AB-4AA3-B045-D1C6D8541AA4}.Ad-Hoc|Any CPU.ActiveCfg = Release|Any CPU
		{3FC71585-22AB-4AA3-B045-D1C6D8541AA4}.Ad-Hoc|Any CPU.Build.0 = Release|Any CPU
		{3FC71585-22AB-4AA3-B045-D1C6D8541AA4}.Ad-Hoc|Any CPU.Deploy.0 = Release|Any CPU
		{3FC71585-22AB-4AA3-B045-D1C6D8541AA4}.Ad-Hoc|ARM.ActiveCfg = Release|ARM
		{3FC71585-22AB-4AA3-B045-D1C6D8541AA4}.Ad-Hoc|ARM.Build.0 = Release|ARM
		{3FC71585-22AB-4AA3-B045-D1C6D8541AA4}.Ad-Hoc|ARM.Deploy.0 = Release|ARM
		{3FC71585-22AB-4AA3-B045-D1C6D8541AA4}.Ad-Hoc|iPhone.ActiveCfg = Release|Any CPU
		{3FC71585-22AB-4AA3-B045-D1C6D8541AA4}.Ad-Hoc|iPhone.Build.0 = Release|Any CPU
		{3FC71585-22AB-4AA3-B045-D1C6D8541AA4}.Ad-Hoc|iPhone.Deploy.0 = Release|Any CPU
		{3FC71585-22AB-4AA3-B045-D1C6D8541AA4}.Ad-Hoc|iPhoneSimulator.ActiveCfg = Release|Any CPU
		{3FC71585-22AB-4AA3-B045-D1C6D8541AA4}.Ad-Hoc|iPhoneSimulator.Build.0 = Release|Any CPU
		{3FC71585-22AB-4AA3-B045-D1C6D8541AA4}.Ad-Hoc|iPhoneSimulator.Deploy.0 = Release|Any CPU
		{3FC71585-22AB-4AA3-B045-D1C6D8541AA4}.Ad-Hoc|x64.ActiveCfg = Release|x64
		{3FC71585-22AB-4AA3-B045-D1C6D8541AA4}.Ad-Hoc|x64.Build.0 = Release|x64
		{3FC71585-22AB-4AA3-B045-D1C6D8541AA4}.Ad-Hoc|x64.Deploy.0 = Release|x64
		{3FC71585-22AB-4AA3-B045-D1C6D8541AA4}.Ad-Hoc|x86.ActiveCfg = Release|x86
		{3FC71585-22AB-4AA3-B045-D1C6D8541AA4}.Ad-Hoc|x86.Build.0 = Release|x86
		{3FC71585-22AB-4AA3-B045-D1C6D8541AA4}.Ad-Hoc|x86.Deploy.0 = Release|x86
		{3FC71585-22AB-4AA3-B045-D1C6D8541AA4}.AppStore|Any CPU.ActiveCfg = Release|Any CPU
		{3FC71585-22AB-4AA3-B045-D1C6D8541AA4}.AppStore|Any CPU.Build.0 = Release|Any CPU
		{3FC71585-22AB-4AA3-B045-D1C6D8541AA4}.AppStore|Any CPU.Deploy.0 = Release|Any CPU
		{3FC71585-22AB-4AA3-B045-D1C6D8541AA4}.AppStore|ARM.ActiveCfg = Release|ARM
		{3FC71585-22AB-4AA3-B045-D1C6D8541AA4}.AppStore|ARM.Build.0 = Release|ARM
		{3FC71585-22AB-4AA3-B045-D1C6D8541AA4}.AppStore|ARM.Deploy.0 = Release|ARM
		{3FC71585-22AB-4AA3-B045-D1C6D8541AA4}.AppStore|iPhone.ActiveCfg = Release|Any CPU
		{3FC71585-22AB-4AA3-B045-D1C6D8541AA4}.AppStore|iPhone.Build.0 = Release|Any CPU
		{3FC71585-22AB-4AA3-B045-D1C6D8541AA4}.AppStore|iPhone.Deploy.0 = Release|Any CPU
		{3FC71585-22AB-4AA3-B045-D1C6D8541AA4}.AppStore|iPhoneSimulator.ActiveCfg = Release|Any CPU
		{3FC71585-22AB-4AA3-B045-D1C6D8541AA4}.AppStore|iPhoneSimulator.Build.0 = Release|Any CPU
		{3FC71585-22AB-4AA3-B045-D1C6D8541AA4}.AppStore|iPhoneSimulator.Deploy.0 = Release|Any CPU
		{3FC71585-22AB-4AA3-B045-D1C6D8541AA4}.AppStore|x64.ActiveCfg = Release|x64
		{3FC71585-22AB-4AA3-B045-D1C6D8541AA4}.AppStore|x64.Build.0 = Release|x64
		{3FC71585-22AB-4AA3-B045-D1C6D8541AA4}.AppStore|x64.Deploy.0 = Release|x64
		{3FC71585-22AB-4AA3-B045-D1C6D8541AA4}.AppStore|x86.ActiveCfg = Release|x86
		{3FC71585-22AB-4AA3-B045-D1C6D8541AA4}.AppStore|x86.Build.0 = Release|x86
		{3FC71585-22AB-4AA3-B045-D1C6D8541AA4}.AppStore|x86.Deploy.0 = Release|x86
		{3FC71585-22AB-4AA3-B045-D1C6D8541AA4}.Debug|Any CPU.ActiveCfg = Debug|Any CPU
		{3FC71585-22AB-4AA3-B045-D1C6D8541AA4}.Debug|Any CPU.Build.0 = Debug|Any CPU
		{3FC71585-22AB-4AA3-B045-D1C6D8541AA4}.Debug|Any CPU.Deploy.0 = Debug|Any CPU
		{3FC71585-22AB-4AA3-B045-D1C6D8541AA4}.Debug|ARM.ActiveCfg = Debug|ARM
		{3FC71585-22AB-4AA3-B045-D1C6D8541AA4}.Debug|ARM.Build.0 = Debug|ARM
		{3FC71585-22AB-4AA3-B045-D1C6D8541AA4}.Debug|ARM.Deploy.0 = Debug|ARM
		{3FC71585-22AB-4AA3-B045-D1C6D8541AA4}.Debug|iPhone.ActiveCfg = Debug|Any CPU
		{3FC71585-22AB-4AA3-B045-D1C6D8541AA4}.Debug|iPhone.Build.0 = Debug|Any CPU
		{3FC71585-22AB-4AA3-B045-D1C6D8541AA4}.Debug|iPhone.Deploy.0 = Debug|Any CPU
		{3FC71585-22AB-4AA3-B045-D1C6D8541AA4}.Debug|iPhoneSimulator.ActiveCfg = Debug|Any CPU
		{3FC71585-22AB-4AA3-B045-D1C6D8541AA4}.Debug|iPhoneSimulator.Build.0 = Debug|Any CPU
		{3FC71585-22AB-4AA3-B045-D1C6D8541AA4}.Debug|iPhoneSimulator.Deploy.0 = Debug|Any CPU
		{3FC71585-22AB-4AA3-B045-D1C6D8541AA4}.Debug|x64.ActiveCfg = Debug|x64
		{3FC71585-22AB-4AA3-B045-D1C6D8541AA4}.Debug|x64.Build.0 = Debug|x64
		{3FC71585-22AB-4AA3-B045-D1C6D8541AA4}.Debug|x64.Deploy.0 = Debug|x64
		{3FC71585-22AB-4AA3-B045-D1C6D8541AA4}.Debug|x86.ActiveCfg = Debug|x86
		{3FC71585-22AB-4AA3-B045-D1C6D8541AA4}.Debug|x86.Build.0 = Debug|x86
		{3FC71585-22AB-4AA3-B045-D1C6D8541AA4}.Debug|x86.Deploy.0 = Debug|x86
		{3FC71585-22AB-4AA3-B045-D1C6D8541AA4}.Release|Any CPU.ActiveCfg = Release|Any CPU
		{3FC71585-22AB-4AA3-B045-D1C6D8541AA4}.Release|Any CPU.Build.0 = Release|Any CPU
		{3FC71585-22AB-4AA3-B045-D1C6D8541AA4}.Release|Any CPU.Deploy.0 = Release|Any CPU
		{3FC71585-22AB-4AA3-B045-D1C6D8541AA4}.Release|ARM.ActiveCfg = Release|ARM
		{3FC71585-22AB-4AA3-B045-D1C6D8541AA4}.Release|ARM.Build.0 = Release|ARM
		{3FC71585-22AB-4AA3-B045-D1C6D8541AA4}.Release|ARM.Deploy.0 = Release|ARM
		{3FC71585-22AB-4AA3-B045-D1C6D8541AA4}.Release|iPhone.ActiveCfg = Release|Any CPU
		{3FC71585-22AB-4AA3-B045-D1C6D8541AA4}.Release|iPhone.Build.0 = Release|Any CPU
		{3FC71585-22AB-4AA3-B045-D1C6D8541AA4}.Release|iPhone.Deploy.0 = Release|Any CPU
		{3FC71585-22AB-4AA3-B045-D1C6D8541AA4}.Release|iPhoneSimulator.ActiveCfg = Release|Any CPU
		{3FC71585-22AB-4AA3-B045-D1C6D8541AA4}.Release|iPhoneSimulator.Build.0 = Release|Any CPU
		{3FC71585-22AB-4AA3-B045-D1C6D8541AA4}.Release|iPhoneSimulator.Deploy.0 = Release|Any CPU
		{3FC71585-22AB-4AA3-B045-D1C6D8541AA4}.Release|x64.ActiveCfg = Release|x64
		{3FC71585-22AB-4AA3-B045-D1C6D8541AA4}.Release|x64.Build.0 = Release|x64
		{3FC71585-22AB-4AA3-B045-D1C6D8541AA4}.Release|x64.Deploy.0 = Release|x64
		{3FC71585-22AB-4AA3-B045-D1C6D8541AA4}.Release|x86.ActiveCfg = Release|x86
		{3FC71585-22AB-4AA3-B045-D1C6D8541AA4}.Release|x86.Build.0 = Release|x86
		{3FC71585-22AB-4AA3-B045-D1C6D8541AA4}.Release|x86.Deploy.0 = Release|x86
	EndGlobalSection
	GlobalSection(SolutionProperties) = preSolution
		HideSolutionNode = FALSE
	EndGlobalSection
EndGlobal
